
Microsoft Visual Studio Solution File, Format Version 12.00
# Visual Studio Version 17
VisualStudioVersion = 17.3.32825.248
MinimumVisualStudioVersion = 10.0.40219.1
Project("{FAE04EC0-301F-11D3-BF4B-00C04F79EFBC}") = "RegVir", "RegVir\RegVir.csproj", "{F73F5367-AEEC-418A-9828-EF0628EDED7C}"
EndProject
Global
	GlobalSection(SolutionConfigurationPlatforms) = preSolution
		Debug|Any CPU = Debug|Any CPU
		Release|Any CPU = Release|Any CPU
	EndGlobalSection
	GlobalSection(ProjectConfigurationPlatforms) = postSolution
		{F73F5367-AEEC-418A-9828-EF0628EDED7C}.Debug|Any CPU.ActiveCfg = Debug|Any CPU
		{F73F5367-AEEC-418A-9828-EF0628EDED7C}.Debug|Any CPU.Build.0 = Debug|Any CPU
		{F73F5367-AEEC-418A-9828-EF0628EDED7C}.Release|Any CPU.ActiveCfg = Release|Any CPU
		{F73F5367-AEEC-418A-9828-EF0628EDED7C}.Release|Any CPU.Build.0 = Release|Any CPU
	EndGlobalSection
	GlobalSection(SolutionProperties) = preSolution
		HideSolutionNode = FALSE
	EndGlobalSection
	GlobalSection(ExtensibilityGlobals) = postSolution
		SolutionGuid = {2FBBB4E3-47A7-4D6E-94AA-A35AE3F2A8C5}
	EndGlobalSection
EndGlobal
